{
  "nodes": {
    "nixpkgs": {
      "locked": {
        "lastModified": 1785328245,
        "narHash": "sha256-KD4vsRpL81SoU1JATsiZETjzi/sAldwKI0gaSj4XS24=",
        "owner": "scorpiofifth",
        "repo": "nixpkgs",
        "rev": "1063e7837279dedd336a3894eaaae38dbbc5589e",
        "type": "github"
      },
      "original": {
        "owner": "scorpiofifth",
        "ref": "master",
        "repo": "nixpkgs",
        "type": "github"
      }
    },
    "root": {
      "inputs": {
        "nixpkgs": "nixpkgs"
      }
    }
  },
  "root": "root",
  "version": 7
}
